
Microsoft Visual Studio Solution File, Format Version 12.00
# Visual Studio Version 17
VisualStudioVersion = 17.1.32228.430
MinimumVisualStudioVersion = 10.0.40219.1
Project("{FAE04EC0-301F-11D3-BF4B-00C04F79EFBC}") = "Assignment02", "Assignment02\Assignment02.csproj", "{2BC0B426-EDF4-478F-B54B-6B2DB3C4AD71}"
EndProject
Global
	GlobalSection(SolutionConfigurationPlatforms) = preSolution
		Debug|Any CPU = Debug|Any CPU
		Release|Any CPU = Release|Any CPU
	EndGlobalSection
	GlobalSection(ProjectConfigurationPlatforms) = postSolution
		{2BC0B426-EDF4-478F-B54B-6B2DB3C4AD71}.Debug|Any CPU.ActiveCfg = Debug|Any CPU
		{2BC0B426-EDF4-478F-B54B-6B2DB3C4AD71}.Debug|Any CPU.Build.0 = Debug|Any CPU
		{2BC0B426-EDF4-478F-B54B-6B2DB3C4AD71}.Release|Any CPU.ActiveCfg = Release|Any CPU
		{2BC0B426-EDF4-478F-B54B-6B2DB3C4AD71}.Release|Any CPU.Build.0 = Release|Any CPU
	EndGlobalSection
	GlobalSection(SolutionProperties) = preSolution
		HideSolutionNode = FALSE
	EndGlobalSection
	GlobalSection(ExtensibilityGlobals) = postSolution
		SolutionGuid = {909B5C44-CDDE-4A76-BA7B-0D454DA2F998}
	EndGlobalSection
EndGlobal
